
Microsoft Visual Studio Solution File, Format Version 12.00
# Visual Studio 15
Project("{FAE04EC0-301F-11D3-BF4B-00C04F79EFBC}") = "EnemyTest", "Assembly-CSharp.csproj", "{BFD45396-B304-A6A8-533B-127E485D1D2E}"
EndProject
Global
	GlobalSection(SolutionConfigurationPlatforms) = preSolution
		Debug|Any CPU = Debug|Any CPU
		Release|Any CPU = Release|Any CPU
	EndGlobalSection
	GlobalSection(ProjectConfigurationPlatforms) = postSolution
		{BFD45396-B304-A6A8-533B-127E485D1D2E}.Debug|Any CPU.ActiveCfg = Debug|Any CPU
		{BFD45396-B304-A6A8-533B-127E485D1D2E}.Debug|Any CPU.Build.0 = Debug|Any CPU
		{BFD45396-B304-A6A8-533B-127E485D1D2E}.Release|Any CPU.ActiveCfg = Release|Any CPU
		{BFD45396-B304-A6A8-533B-127E485D1D2E}.Release|Any CPU.Build.0 = Release|Any CPU
	EndGlobalSection
	GlobalSection(SolutionProperties) = preSolution
		HideSolutionNode = FALSE
	EndGlobalSection
EndGlobal
